# This file is automatically @generated by Cargo.
# It is not intended for manual editing.
version = 4

[[package]]
name = "linuxfile"
version = "0.1.0"
dependencies = [
 "lz4_flex",
]

[[package]]
name = "lz4_flex"
version = "0.14.0"
source = "registry+https://github.com/rust-lang/crates.io-index"
checksum = "ecbdfe44b1bd960b68170b417450a628c43f7cf56bb3c5317e61cb230ee7f226"
dependencies = [
 "twox-hash",
]

[[package]]
name = "twox-hash"
version = "2.1.4"
source = "registry+https://github.com/rust-lang/crates.io-index"
checksum = "5283634e518fe9e82c7b20520bb4bc209009fd16c82077c802f8111ecbb0117a"
